
Microsoft Visual Studio Solution File, Format Version 12.00
# Visual Studio 15
VisualStudioVersion = 15.0.27130.2020
MinimumVisualStudioVersion = 10.0.40219.1
Project("{FAE04EC0-301F-11D3-BF4B-00C04F79EFBC}") = "BankAccount", "BankAccount\BankAccount.csproj", "{3844A795-37D8-46C0-B563-0DABF0D5671A}"
EndProject
Global
	GlobalSection(SolutionConfigurationPlatforms) = preSolution
		Debug|Any CPU = Debug|Any CPU
		Release|Any CPU = Release|Any CPU
	EndGlobalSection
	GlobalSection(ProjectConfigurationPlatforms) = postSolution
		{3844A795-37D8-46C0-B563-0DABF0D5671A}.Debug|Any CPU.ActiveCfg = Debug|Any CPU
		{3844A795-37D8-46C0-B563-0DABF0D5671A}.Debug|Any CPU.Build.0 = Debug|Any CPU
		{3844A795-37D8-46C0-B563-0DABF0D5671A}.Release|Any CPU.ActiveCfg = Release|Any CPU
		{3844A795-37D8-46C0-B563-0DABF0D5671A}.Release|Any CPU.Build.0 = Release|Any CPU
	EndGlobalSection
	GlobalSection(SolutionProperties) = preSolution
		HideSolutionNode = FALSE
	EndGlobalSection
	GlobalSection(ExtensibilityGlobals) = postSolution
		SolutionGuid = {81BA6346-C8DA-4BEA-B447-6A62F8DBA635}
	EndGlobalSection
EndGlobal
